
Microsoft Visual Studio Solution File, Format Version 12.00
# Visual Studio 15
VisualStudioVersion = 15.0.27703.2026
MinimumVisualStudioVersion = 10.0.40219.1
Project("{FAE04EC0-301F-11D3-BF4B-00C04F79EFBC}") = "Fundamentals", "Fundamentals\Fundamentals.csproj", "{754F2776-6198-4355-81CB-B39C4DF62142}"
EndProject
Global
	GlobalSection(SolutionConfigurationPlatforms) = preSolution
		Debug|Any CPU = Debug|Any CPU
		Release|Any CPU = Release|Any CPU
	EndGlobalSection
	GlobalSection(ProjectConfigurationPlatforms) = postSolution
		{754F2776-6198-4355-81CB-B39C4DF62142}.Debug|Any CPU.ActiveCfg = Debug|Any CPU
		{754F2776-6198-4355-81CB-B39C4DF62142}.Debug|Any CPU.Build.0 = Debug|Any CPU
		{754F2776-6198-4355-81CB-B39C4DF62142}.Release|Any CPU.ActiveCfg = Release|Any CPU
		{754F2776-6198-4355-81CB-B39C4DF62142}.Release|Any CPU.Build.0 = Release|Any CPU
	EndGlobalSection
	GlobalSection(SolutionProperties) = preSolution
		HideSolutionNode = FALSE
	EndGlobalSection
	GlobalSection(ExtensibilityGlobals) = postSolution
		SolutionGuid = {DFF2C056-588B-446B-866E-27FD51BA214E}
	EndGlobalSection
EndGlobal
